
Microsoft Visual Studio Solution File, Format Version 12.00
# Visual Studio 14
VisualStudioVersion = 14.0.25123.0
MinimumVisualStudioVersion = 10.0.40219.1
Project("{FAE04EC0-301F-11D3-BF4B-00C04F79EFBC}") = "XamFormsIoTSuiteDevice.Droid", "XamFormsIoTSuiteDevice\XamFormsIoTSuiteDevice.Droid\XamFormsIoTSuiteDevice.Droid.csproj", "{545ECEDF-96FD-4CAB-AD98-8325213C64AA}"
EndProject
Project("{FAE04EC0-301F-11D3-BF4B-00C04F79EFBC}") = "XamFormsIoTSuiteDevice.iOS", "XamFormsIoTSuiteDevice\XamFormsIoTSuiteDevice.iOS\XamFormsIoTSuiteDevice.iOS.csproj", "{114ACE6C-D09C-4CC4-9BD2-7C928EB34E4D}"
EndProject
Project("{FAE04EC0-301F-11D3-BF4B-00C04F79EFBC}") = "XamFormsIoTSuiteDevice.WinPhone", "XamFormsIoTSuiteDevice\XamFormsIoTSuiteDevice.WinPhone\XamFormsIoTSuiteDevice.WinPhone.csproj", "{D15D972C-5576-4DF5-9A0A-96A43D5D5E9D}"
EndProject
Project("{FAE04EC0-301F-11D3-BF4B-00C04F79EFBC}") = "XamFormsIoTSuiteDevice.UWP", "XamFormsIoTSuiteDevice\XamFormsIoTSuiteDevice.UWP\XamFormsIoTSuiteDevice.UWP.csproj", "{B99F1C18-01A5-427A-9E87-2D1A63E6C444}"
EndProject
Project("{FAE04EC0-301F-11D3-BF4B-00C04F79EFBC}") = "XamFormsIoTSuiteDevice.Windows", "XamFormsIoTSuiteDevice\XamFormsIoTSuiteDevice.Windows\XamFormsIoTSuiteDevice.Windows.csproj", "{B72A2C57-B20C-4321-A3DB-1BAD50A96642}"
EndProject
Project("{FAE04EC0-301F-11D3-BF4B-00C04F79EFBC}") = "XamFormsIoTSuiteDevice", "XamFormsIoTSuiteDevice\XamFormsIoTSuiteDevice\XamFormsIoTSuiteDevice.csproj", "{BCE30DDA-AFAD-4A96-ACEE-46D5431D46B1}"
EndProject
Global
	GlobalSection(SolutionConfigurationPlatforms) = preSolution
		Ad-Hoc|Any CPU = Ad-Hoc|Any CPU
		Ad-Hoc|ARM = Ad-Hoc|ARM
		Ad-Hoc|iPhone = Ad-Hoc|iPhone
		Ad-Hoc|iPhoneSimulator = Ad-Hoc|iPhoneSimulator
		Ad-Hoc|x64 = Ad-Hoc|x64
		Ad-Hoc|x86 = Ad-Hoc|x86
		AppStore|Any CPU = AppStore|Any CPU
		AppStore|ARM = AppStore|ARM
		AppStore|iPhone = AppStore|iPhone
		AppStore|iPhoneSimulator = AppStore|iPhoneSimulator
		AppStore|x64 = AppStore|x64
		AppStore|x86 = AppStore|x86
		Debug|Any CPU = Debug|Any CPU
		Debug|ARM = Debug|ARM
		Debug|iPhone = Debug|iPhone
		Debug|iPhoneSimulator = Debug|iPhoneSimulator
		Debug|x64 = Debug|x64
		Debug|x86 = Debug|x86
		Release|Any CPU = Release|Any CPU
		Release|ARM = Release|ARM
		Release|iPhone = Release|iPhone
		Release|iPhoneSimulator = Release|iPhoneSimulator
		Release|x64 = Release|x64
		Release|x86 = Release|x86
	EndGlobalSection
	GlobalSection(ProjectConfigurationPlatforms) = postSolution
		{545ECEDF-96FD-4CAB-AD98-8325213C64AA}.Ad-Hoc|Any CPU.ActiveCfg = Release|Any CPU
		{545ECEDF-96FD-4CAB-AD98-8325213C64AA}.Ad-Hoc|Any CPU.Build.0 = Release|Any CPU
		{545ECEDF-96FD-4CAB-AD98-8325213C64AA}.Ad-Hoc|Any CPU.Deploy.0 = Release|Any CPU
		{545ECEDF-96FD-4CAB-AD98-8325213C64AA}.Ad-Hoc|ARM.ActiveCfg = Release|Any CPU
		{545ECEDF-96FD-4CAB-AD98-8325213C64AA}.Ad-Hoc|ARM.Build.0 = Release|Any CPU
		{545ECEDF-96FD-4CAB-AD98-8325213C64AA}.Ad-Hoc|ARM.Deploy.0 = Release|Any CPU
		{545ECEDF-96FD-4CAB-AD98-8325213C64AA}.Ad-Hoc|iPhone.ActiveCfg = Release|Any CPU
		{545ECEDF-96FD-4CAB-AD98-8325213C64AA}.Ad-Hoc|iPhone.Build.0 = Release|Any CPU
		{545ECEDF-96FD-4CAB-AD98-8325213C64AA}.Ad-Hoc|iPhone.Deploy.0 = Release|Any CPU
		{545ECEDF-96FD-4CAB-AD98-8325213C64AA}.Ad-Hoc|iPhoneSimulator.ActiveCfg = Release|Any CPU
		{545ECEDF-96FD-4CAB-AD98-8325213C64AA}.Ad-Hoc|iPhoneSimulator.Build.0 = Release|Any CPU
		{545ECEDF-96FD-4CAB-AD98-8325213C64AA}.Ad-Hoc|iPhoneSimulator.Deploy.0 = Release|Any CPU
		{545ECEDF-96FD-4CAB-AD98-8325213C64AA}.Ad-Hoc|x64.ActiveCfg = Release|Any CPU
		{545ECEDF-96FD-4CAB-AD98-8325213C64AA}.Ad-Hoc|x64.Build.0 = Release|Any CPU
		{545ECEDF-96FD-4CAB-AD98-8325213C64AA}.Ad-Hoc|x64.Deploy.0 = Release|Any CPU
		{545ECEDF-96FD-4CAB-AD98-8325213C64AA}.Ad-Hoc|x86.ActiveCfg = Release|Any CPU
		{545ECEDF-96FD-4CAB-AD98-8325213C64AA}.Ad-Hoc|x86.Build.0 = Release|Any CPU
		{545ECEDF-96FD-4CAB-AD98-8325213C64AA}.Ad-Hoc|x86.Deploy.0 = Release|Any CPU
		{545ECEDF-96FD-4CAB-AD98-8325213C64AA}.AppStore|Any CPU.ActiveCfg = Release|Any CPU
		{545ECEDF-96FD-4CAB-AD98-8325213C64AA}.AppStore|Any CPU.Build.0 = Release|Any CPU
		{545ECEDF-96FD-4CAB-AD98-8325213C64AA}.AppStore|Any CPU.Deploy.0 = Release|Any CPU
		{545ECEDF-96FD-4CAB-AD98-8325213C64AA}.AppStore|ARM.ActiveCfg = Release|Any CPU
		{545ECEDF-96FD-4CAB-AD98-8325213C64AA}.AppStore|ARM.Build.0 = Release|Any CPU
		{545ECEDF-96FD-4CAB-AD98-8325213C64AA}.AppStore|ARM.Deploy.0 = Release|Any CPU
		{545ECEDF-96FD-4CAB-AD98-8325213C64AA}.AppStore|iPhone.ActiveCfg = Release|Any CPU
		{545ECEDF-96FD-4CAB-AD98-8325213C64AA}.AppStore|iPhone.Build.0 = Release|Any CPU
		{545ECEDF-96FD-4CAB-AD98-8325213C64AA}.AppStore|iPhone.Deploy.0 = Release|Any CPU
		{545ECEDF-96FD-4CAB-AD98-8325213C64AA}.AppStore|iPhoneSimulator.ActiveCfg = Release|Any CPU
		{545ECEDF-96FD-4CAB-AD98-8325213C64AA}.AppStore|iPhoneSimulator.Build.0 = Release|Any CPU
		{545ECEDF-96FD-4CAB-AD98-8325213C64AA}.AppStore|iPhoneSimulator.Deploy.0 = Release|Any CPU
		{545ECEDF-96FD-4CAB-AD98-8325213C64AA}.AppStore|x64.ActiveCfg = Release|Any CPU
		{545ECEDF-96FD-4CAB-AD98-8325213C64AA}.AppStore|x64.Build.0 = Release|Any CPU
		{545ECEDF-96FD-4CAB-AD98-8325213C64AA}.AppStore|x64.Deploy.0 = Release|Any CPU
		{545ECEDF-96FD-4CAB-AD98-8325213C64AA}.AppStore|x86.ActiveCfg = Release|Any CPU
		{545ECEDF-96FD-4CAB-AD98-8325213C64AA}.AppStore|x86.Build.0 = Release|Any CPU
		{545ECEDF-96FD-4CAB-AD98-8325213C64AA}.AppStore|x86.Deploy.0 = Release|Any CPU
		{545ECEDF-96FD-4CAB-AD98-8325213C64AA}.Debug|Any CPU.ActiveCfg = Debug|Any CPU
		{545ECEDF-96FD-4CAB-AD98-8325213C64AA}.Debug|Any CPU.Build.0 = Debug|Any CPU
		{545ECEDF-96FD-4CAB-AD98-8325213C64AA}.Debug|Any CPU.Deploy.0 = Debug|Any CPU
		{545ECEDF-96FD-4CAB-AD98-8325213C64AA}.Debug|ARM.ActiveCfg = Debug|Any CPU
		{545ECEDF-96FD-4CAB-AD98-8325213C64AA}.Debug|ARM.Build.0 = Debug|Any CPU
		{545ECEDF-96FD-4CAB-AD98-8325213C64AA}.Debug|ARM.Deploy.0 = Debug|Any CPU
		{545ECEDF-96FD-4CAB-AD98-8325213C64AA}.Debug|iPhone.ActiveCfg = Debug|Any CPU
		{545ECEDF-96FD-4CAB-AD98-8325213C64AA}.Debug|iPhone.Build.0 = Debug|Any CPU
		{545ECEDF-96FD-4CAB-AD98-8325213C64AA}.Debug|iPhone.Deploy.0 = Debug|Any CPU
		{545ECEDF-96FD-4CAB-AD98-8325213C64AA}.Debug|iPhoneSimulator.ActiveCfg = Debug|Any CPU
		{545ECEDF-96FD-4CAB-AD98-8325213C64AA}.Debug|iPhoneSimulator.Build.0 = Debug|Any CPU
		{545ECEDF-96FD-4CAB-AD98-8325213C64AA}.Debug|iPhoneSimulator.Deploy.0 = Debug|Any CPU
		{545ECEDF-96FD-4CAB-AD98-8325213C64AA}.Debug|x64.ActiveCfg = Debug|Any CPU
		{545ECEDF-96FD-4CAB-AD98-8325213C64AA}.Debug|x64.Build.0 = Debug|Any CPU
		{545ECEDF-96FD-4CAB-AD98-8325213C64AA}.Debug|x64.Deploy.0 = Debug|Any CPU
		{545ECEDF-96FD-4CAB-AD98-8325213C64AA}.Debug|x86.ActiveCfg = Debug|Any CPU
		{545ECEDF-96FD-4CAB-AD98-8325213C64AA}.Debug|x86.Build.0 = Debug|Any CPU
		{545ECEDF-96FD-4CAB-AD98-8325213C64AA}.Debug|x86.Deploy.0 = Debug|Any CPU
		{545ECEDF-96FD-4CAB-AD98-8325213C64AA}.Release|Any CPU.ActiveCfg = Release|Any CPU
		{545ECEDF-96FD-4CAB-AD98-8325213C64AA}.Release|Any CPU.Build.0 = Release|Any CPU
		{545ECEDF-96FD-4CAB-AD98-8325213C64AA}.Release|Any CPU.Deploy.0 = Release|Any CPU
		{545ECEDF-96FD-4CAB-AD98-8325213C64AA}.Release|ARM.ActiveCfg = Release|Any CPU
		{545ECEDF-96FD-4CAB-AD98-8325213C64AA}.Release|ARM.Build.0 = Release|Any CPU
		{545ECEDF-96FD-4CAB-AD98-8325213C64AA}.Release|ARM.Deploy.0 = Release|Any CPU
		{545ECEDF-96FD-4CAB-AD98-8325213C64AA}.Release|iPhone.ActiveCfg = Release|Any CPU
		{545ECEDF-96FD-4CAB-AD98-8325213C64AA}.Release|iPhone.Build.0 = Release|Any CPU
		{545ECEDF-96FD-4CAB-AD98-8325213C64AA}.Release|iPhone.Deploy.0 = Release|Any CPU
		{545ECEDF-96FD-4CAB-AD98-8325213C64AA}.Release|iPhoneSimulator.ActiveCfg = Release|Any CPU
		{545ECEDF-96FD-4CAB-AD98-8325213C64AA}.Release|iPhoneSimulator.Build.0 = Release|Any CPU
		{545ECEDF-96FD-4CAB-AD98-8325213C64AA}.Release|iPhoneSimulator.Deploy.0 = Release|Any CPU
		{545ECEDF-96FD-4CAB-AD98-8325213C64AA}.Release|x64.ActiveCfg = Release|Any CPU
		{545ECEDF-96FD-4CAB-AD98-8325213C64AA}.Release|x64.Build.0 = Release|Any CPU
		{545ECEDF-96FD-4CAB-AD98-8325213C64AA}.Release|x64.Deploy.0 = Release|Any CPU
		{545ECEDF-96FD-4CAB-AD98-8325213C64AA}.Release|x86.ActiveCfg = Release|Any CPU
		{545ECEDF-96FD-4CAB-AD98-8325213C64AA}.Release|x86.Build.0 = Release|Any CPU
		{545ECEDF-96FD-4CAB-AD98-8325213C64AA}.Release|x86.Deploy.0 = Release|Any CPU
		{114ACE6C-D09C-4CC4-9BD2-7C928EB34E4D}.Ad-Hoc|Any CPU.ActiveCfg = Ad-Hoc|iPhone
		{114ACE6C-D09C-4CC4-9BD2-7C928EB34E4D}.Ad-Hoc|ARM.ActiveCfg = Ad-Hoc|iPhone
		{114ACE6C-D09C-4CC4-9BD2-7C928EB34E4D}.Ad-Hoc|iPhone.ActiveCfg = Ad-Hoc|iPhone
		{114ACE6C-D09C-4CC4-9BD2-7C928EB34E4D}.Ad-Hoc|iPhone.Build.0 = Ad-Hoc|iPhone
		{114ACE6C-D09C-4CC4-9BD2-7C928EB34E4D}.Ad-Hoc|iPhoneSimulator.ActiveCfg = Ad-Hoc|iPhoneSimulator
		{114ACE6C-D09C-4CC4-9BD2-7C928EB34E4D}.Ad-Hoc|iPhoneSimulator.Build.0 = Ad-Hoc|iPhoneSimulator
		{114ACE6C-D09C-4CC4-9BD2-7C928EB34E4D}.Ad-Hoc|x64.ActiveCfg = Ad-Hoc|iPhone
		{114ACE6C-D09C-4CC4-9BD2-7C928EB34E4D}.Ad-Hoc|x86.ActiveCfg = Ad-Hoc|iPhone
		{114ACE6C-D09C-4CC4-9BD2-7C928EB34E4D}.AppStore|Any CPU.ActiveCfg = AppStore|iPhone
		{114ACE6C-D09C-4CC4-9BD2-7C928EB34E4D}.AppStore|ARM.ActiveCfg = AppStore|iPhone
		{114ACE6C-D09C-4CC4-9BD2-7C928EB34E4D}.AppStore|iPhone.ActiveCfg = AppStore|iPhone
		{114ACE6C-D09C-4CC4-9BD2-7C928EB34E4D}.AppStore|iPhone.Build.0 = AppStore|iPhone
		{114ACE6C-D09C-4CC4-9BD2-7C928EB34E4D}.AppStore|iPhoneSimulator.ActiveCfg = AppStore|iPhoneSimulator
		{114ACE6C-D09C-4CC4-9BD2-7C928EB34E4D}.AppStore|iPhoneSimulator.Build.0 = AppStore|iPhoneSimulator
		{114ACE6C-D09C-4CC4-9BD2-7C928EB34E4D}.AppStore|x64.ActiveCfg = AppStore|iPhone
		{114ACE6C-D09C-4CC4-9BD2-7C928EB34E4D}.AppStore|x86.ActiveCfg = AppStore|iPhone
		{114ACE6C-D09C-4CC4-9BD2-7C928EB34E4D}.Debug|Any CPU.ActiveCfg = Debug|iPhone
		{114ACE6C-D09C-4CC4-9BD2-7C928EB34E4D}.Debug|ARM.ActiveCfg = Debug|iPhone
		{114ACE6C-D09C-4CC4-9BD2-7C928EB34E4D}.Debug|iPhone.ActiveCfg = Debug|iPhone
		{114ACE6C-D09C-4CC4-9BD2-7C928EB34E4D}.Debug|iPhone.Build.0 = Debug|iPhone
		{114ACE6C-D09C-4CC4-9BD2-7C928EB34E4D}.Debug|iPhoneSimulator.ActiveCfg = Debug|iPhoneSimulator
		{114ACE6C-D09C-4CC4-9BD2-7C928EB34E4D}.Debug|iPhoneSimulator.Build.0 = Debug|iPhoneSimulator
		{114ACE6C-D09C-4CC4-9BD2-7C928EB34E4D}.Debug|x64.ActiveCfg = Debug|iPhone
		{114ACE6C-D09C-4CC4-9BD2-7C928EB34E4D}.Debug|x86.ActiveCfg = Debug|iPhone
		{114ACE6C-D09C-4CC4-9BD2-7C928EB34E4D}.Release|Any CPU.ActiveCfg = Release|iPhone
		{114ACE6C-D09C-4CC4-9BD2-7C928EB34E4D}.Release|ARM.ActiveCfg = Release|iPhone
		{114ACE6C-D09C-4CC4-9BD2-7C928EB34E4D}.Release|iPhone.ActiveCfg = Release|iPhone
		{114ACE6C-D09C-4CC4-9BD2-7C928EB34E4D}.Release|iPhone.Build.0 = Release|iPhone
		{114ACE6C-D09C-4CC4-9BD2-7C928EB34E4D}.Release|iPhoneSimulator.ActiveCfg = Release|iPhoneSimulator
		{114ACE6C-D09C-4CC4-9BD2-7C928EB34E4D}.Release|iPhoneSimulator.Build.0 = Release|iPhoneSimulator
		{114ACE6C-D09C-4CC4-9BD2-7C928EB34E4D}.Release|x64.ActiveCfg = Release|iPhone
		{114ACE6C-D09C-4CC4-9BD2-7C928EB34E4D}.Release|x86.ActiveCfg = Release|iPhone
		{D15D972C-5576-4DF5-9A0A-96A43D5D5E9D}.Ad-Hoc|Any CPU.ActiveCfg = Release|Any CPU
		{D15D972C-5576-4DF5-9A0A-96A43D5D5E9D}.Ad-Hoc|Any CPU.Build.0 = Release|Any CPU
		{D15D972C-5576-4DF5-9A0A-96A43D5D5E9D}.Ad-Hoc|Any CPU.Deploy.0 = Release|Any CPU
		{D15D972C-5576-4DF5-9A0A-96A43D5D5E9D}.Ad-Hoc|ARM.ActiveCfg = Release|ARM
		{D15D972C-5576-4DF5-9A0A-96A43D5D5E9D}.Ad-Hoc|ARM.Build.0 = Release|ARM
		{D15D972C-5576-4DF5-9A0A-96A43D5D5E9D}.Ad-Hoc|ARM.Deploy.0 = Release|ARM
		{D15D972C-5576-4DF5-9A0A-96A43D5D5E9D}.Ad-Hoc|iPhone.ActiveCfg = Release|Any CPU
		{D15D972C-5576-4DF5-9A0A-96A43D5D5E9D}.Ad-Hoc|iPhone.Build.0 = Release|Any CPU
		{D15D972C-5576-4DF5-9A0A-96A43D5D5E9D}.Ad-Hoc|iPhone.Deploy.0 = Release|Any CPU
		{D15D972C-5576-4DF5-9A0A-96A43D5D5E9D}.Ad-Hoc|iPhoneSimulator.ActiveCfg = Release|Any CPU
		{D15D972C-5576-4DF5-9A0A-96A43D5D5E9D}.Ad-Hoc|iPhoneSimulator.Build.0 = Release|Any CPU
		{D15D972C-5576-4DF5-9A0A-96A43D5D5E9D}.Ad-Hoc|iPhoneSimulator.Deploy.0 = Release|Any CPU
		{D15D972C-5576-4DF5-9A0A-96A43D5D5E9D}.Ad-Hoc|x64.ActiveCfg = Release|Any CPU
		{D15D972C-5576-4DF5-9A0A-96A43D5D5E9D}.Ad-Hoc|x64.Build.0 = Release|Any CPU
		{D15D972C-5576-4DF5-9A0A-96A43D5D5E9D}.Ad-Hoc|x64.Deploy.0 = Release|Any CPU
		{D15D972C-5576-4DF5-9A0A-96A43D5D5E9D}.Ad-Hoc|x86.ActiveCfg = Release|x86
		{D15D972C-5576-4DF5-9A0A-96A43D5D5E9D}.Ad-Hoc|x86.Build.0 = Release|x86
		{D15D972C-5576-4DF5-9A0A-96A43D5D5E9D}.Ad-Hoc|x86.Deploy.0 = Release|x86
		{D15D972C-5576-4DF5-9A0A-96A43D5D5E9D}.AppStore|Any CPU.ActiveCfg = Release|Any CPU
		{D15D972C-5576-4DF5-9A0A-96A43D5D5E9D}.AppStore|Any CPU.Build.0 = Release|Any CPU
		{D15D972C-5576-4DF5-9A0A-96A43D5D5E9D}.AppStore|Any CPU.Deploy.0 = Release|Any CPU
		{D15D972C-5576-4DF5-9A0A-96A43D5D5E9D}.AppStore|ARM.ActiveCfg = Release|ARM
		{D15D972C-5576-4DF5-9A0A-96A43D5D5E9D}.AppStore|ARM.Build.0 = Release|ARM
		{D15D972C-5576-4DF5-9A0A-96A43D5D5E9D}.AppStore|ARM.Deploy.0 = Release|ARM
		{D15D972C-5576-4DF5-9A0A-96A43D5D5E9D}.AppStore|iPhone.ActiveCfg = Release|Any CPU
		{D15D972C-5576-4DF5-9A0A-96A43D5D5E9D}.AppStore|iPhone.Build.0 = Release|Any CPU
		{D15D972C-5576-4DF5-9A0A-96A43D5D5E9D}.AppStore|iPhone.Deploy.0 = Release|Any CPU
		{D15D972C-5576-4DF5-9A0A-96A43D5D5E9D}.AppStore|iPhoneSimulator.ActiveCfg = Release|Any CPU
		{D15D972C-5576-4DF5-9A0A-96A43D5D5E9D}.AppStore|iPhoneSimulator.Build.0 = Release|Any CPU
		{D15D972C-5576-4DF5-9A0A-96A43D5D5E9D}.AppStore|iPhoneSimulator.Deploy.0 = Release|Any CPU
		{D15D972C-5576-4DF5-9A0A-96A43D5D5E9D}.AppStore|x64.ActiveCfg = Release|Any CPU
		{D15D972C-5576-4DF5-9A0A-96A43D5D5E9D}.AppStore|x64.Build.0 = Release|Any CPU
		{D15D972C-5576-4DF5-9A0A-96A43D5D5E9D}.AppStore|x64.Deploy.0 = Release|Any CPU
		{D15D972C-5576-4DF5-9A0A-96A43D5D5E9D}.AppStore|x86.ActiveCfg = Release|x86
		{D15D972C-5576-4DF5-9A0A-96A43D5D5E9D}.AppStore|x86.Build.0 = Release|x86
		{D15D972C-5576-4DF5-9A0A-96A43D5D5E9D}.AppStore|x86.Deploy.0 = Release|x86
		{D15D972C-5576-4DF5-9A0A-96A43D5D5E9D}.Debug|Any CPU.ActiveCfg = Debug|Any CPU
		{D15D972C-5576-4DF5-9A0A-96A43D5D5E9D}.Debug|Any CPU.Build.0 = Debug|Any CPU
		{D15D972C-5576-4DF5-9A0A-96A43D5D5E9D}.Debug|Any CPU.Deploy.0 = Debug|Any CPU
		{D15D972C-5576-4DF5-9A0A-96A43D5D5E9D}.Debug|ARM.ActiveCfg = Debug|ARM
		{D15D972C-5576-4DF5-9A0A-96A43D5D5E9D}.Debug|ARM.Build.0 = Debug|ARM
		{D15D972C-5576-4DF5-9A0A-96A43D5D5E9D}.Debug|ARM.Deploy.0 = Debug|ARM
		{D15D972C-5576-4DF5-9A0A-96A43D5D5E9D}.Debug|iPhone.ActiveCfg = Debug|Any CPU
		{D15D972C-5576-4DF5-9A0A-96A43D5D5E9D}.Debug|iPhone.Build.0 = Debug|Any CPU
		{D15D972C-5576-4DF5-9A0A-96A43D5D5E9D}.Debug|iPhone.Deploy.0 = Debug|Any CPU
		{D15D972C-5576-4DF5-9A0A-96A43D5D5E9D}.Debug|iPhoneSimulator.ActiveCfg = Debug|Any CPU
		{D15D972C-5576-4DF5-9A0A-96A43D5D5E9D}.Debug|iPhoneSimulator.Build.0 = Debug|Any CPU
		{D15D972C-5576-4DF5-9A0A-96A43D5D5E9D}.Debug|iPhoneSimulator.Deploy.0 = Debug|Any CPU
		{D15D972C-5576-4DF5-9A0A-96A43D5D5E9D}.Debug|x64.ActiveCfg = Debug|Any CPU
		{D15D972C-5576-4DF5-9A0A-96A43D5D5E9D}.Debug|x64.Build.0 = Debug|Any CPU
		{D15D972C-5576-4DF5-9A0A-96A43D5D5E9D}.Debug|x64.Deploy.0 = Debug|Any CPU
		{D15D972C-5576-4DF5-9A0A-96A43D5D5E9D}.Debug|x86.ActiveCfg = Debug|x86
		{D15D972C-5576-4DF5-9A0A-96A43D5D5E9D}.Debug|x86.Build.0 = Debug|x86
		{D15D972C-5576-4DF5-9A0A-96A43D5D5E9D}.Debug|x86.Deploy.0 = Debug|x86
		{D15D972C-5576-4DF5-9A0A-96A43D5D5E9D}.Release|Any CPU.ActiveCfg = Release|Any CPU
		{D15D972C-5576-4DF5-9A0A-96A43D5D5E9D}.Release|Any CPU.Build.0 = Release|Any CPU
		{D15D972C-5576-4DF5-9A0A-96A43D5D5E9D}.Release|Any CPU.Deploy.0 = Release|Any CPU
		{D15D972C-5576-4DF5-9A0A-96A43D5D5E9D}.Release|ARM.ActiveCfg = Release|ARM
		{D15D972C-5576-4DF5-9A0A-96A43D5D5E9D}.Release|ARM.Build.0 = Release|ARM
		{D15D972C-5576-4DF5-9A0A-96A43D5D5E9D}.Release|ARM.Deploy.0 = Release|ARM
		{D15D972C-5576-4DF5-9A0A-96A43D5D5E9D}.Release|iPhone.ActiveCfg = Release|Any CPU
		{D15D972C-5576-4DF5-9A0A-96A43D5D5E9D}.Release|iPhone.Build.0 = Release|Any CPU
		{D15D972C-5576-4DF5-9A0A-96A43D5D5E9D}.Release|iPhone.Deploy.0 = Release|Any CPU
		{D15D972C-5576-4DF5-9A0A-96A43D5D5E9D}.Release|iPhoneSimulator.ActiveCfg = Release|Any CPU
		{D15D972C-5576-4DF5-9A0A-96A43D5D5E9D}.Release|iPhoneSimulator.Build.0 = Release|Any CPU
		{D15D972C-5576-4DF5-9A0A-96A43D5D5E9D}.Release|iPhoneSimulator.Deploy.0 = Release|Any CPU
		{D15D972C-5576-4DF5-9A0A-96A43D5D5E9D}.Release|x64.ActiveCfg = Release|Any CPU
		{D15D972C-5576-4DF5-9A0A-96A43D5D5E9D}.Release|x64.Build.0 = Release|Any CPU
		{D15D972C-5576-4DF5-9A0A-96A43D5D5E9D}.Release|x64.Deploy.0 = Release|Any CPU
		{D15D972C-5576-4DF5-9A0A-96A43D5D5E9D}.Release|x86.ActiveCfg = Release|x86
		{D15D972C-5576-4DF5-9A0A-96A43D5D5E9D}.Release|x86.Build.0 = Release|x86
		{D15D972C-5576-4DF5-9A0A-96A43D5D5E9D}.Release|x86.Deploy.0 = Release|x86
		{B99F1C18-01A5-427A-9E87-2D1A63E6C444}.Ad-Hoc|Any CPU.ActiveCfg = Release|x86
		{B99F1C18-01A5-427A-9E87-2D1A63E6C444}.Ad-Hoc|Any CPU.Build.0 = Release|x86
		{B99F1C18-01A5-427A-9E87-2D1A63E6C444}.Ad-Hoc|Any CPU.Deploy.0 = Release|x86
		{B99F1C18-01A5-427A-9E87-2D1A63E6C444}.Ad-Hoc|ARM.ActiveCfg = Release|ARM
		{B99F1C18-01A5-427A-9E87-2D1A63E6C444}.Ad-Hoc|ARM.Build.0 = Release|ARM
		{B99F1C18-01A5-427A-9E87-2D1A63E6C444}.Ad-Hoc|ARM.Deploy.0 = Release|ARM
		{B99F1C18-01A5-427A-9E87-2D1A63E6C444}.Ad-Hoc|iPhone.ActiveCfg = Release|x86
		{B99F1C18-01A5-427A-9E87-2D1A63E6C444}.Ad-Hoc|iPhone.Build.0 = Release|x86
		{B99F1C18-01A5-427A-9E87-2D1A63E6C444}.Ad-Hoc|iPhone.Deploy.0 = Release|x86
		{B99F1C18-01A5-427A-9E87-2D1A63E6C444}.Ad-Hoc|iPhoneSimulator.ActiveCfg = Release|x86
		{B99F1C18-01A5-427A-9E87-2D1A63E6C444}.Ad-Hoc|iPhoneSimulator.Build.0 = Release|x86
		{B99F1C18-01A5-427A-9E87-2D1A63E6C444}.Ad-Hoc|iPhoneSimulator.Deploy.0 = Release|x86
		{B99F1C18-01A5-427A-9E87-2D1A63E6C444}.Ad-Hoc|x64.ActiveCfg = Release|x64
		{B99F1C18-01A5-427A-9E87-2D1A63E6C444}.Ad-Hoc|x64.Build.0 = Release|x64
		{B99F1C18-01A5-427A-9E87-2D1A63E6C444}.Ad-Hoc|x64.Deploy.0 = Release|x64
		{B99F1C18-01A5-427A-9E87-2D1A63E6C444}.Ad-Hoc|x86.ActiveCfg = Release|x86
		{B99F1C18-01A5-427A-9E87-2D1A63E6C444}.Ad-Hoc|x86.Build.0 = Release|x86
		{B99F1C18-01A5-427A-9E87-2D1A63E6C444}.Ad-Hoc|x86.Deploy.0 = Release|x86
		{B99F1C18-01A5-427A-9E87-2D1A63E6C444}.AppStore|Any CPU.ActiveCfg = Release|x86
		{B99F1C18-01A5-427A-9E87-2D1A63E6C444}.AppStore|Any CPU.Build.0 = Release|x86
		{B99F1C18-01A5-427A-9E87-2D1A63E6C444}.AppStore|Any CPU.Deploy.0 = Release|x86
		{B99F1C18-01A5-427A-9E87-2D1A63E6C444}.AppStore|ARM.ActiveCfg = Release|ARM
		{B99F1C18-01A5-427A-9E87-2D1A63E6C444}.AppStore|ARM.Build.0 = Release|ARM
		{B99F1C18-01A5-427A-9E87-2D1A63E6C444}.AppStore|ARM.Deploy.0 = Release|ARM
		{B99F1C18-01A5-427A-9E87-2D1A63E6C444}.AppStore|iPhone.ActiveCfg = Release|x86
		{B99F1C18-01A5-427A-9E87-2D1A63E6C444}.AppStore|iPhone.Build.0 = Release|x86
		{B99F1C18-01A5-427A-9E87-2D1A63E6C444}.AppStore|iPhone.Deploy.0 = Release|x86
		{B99F1C18-01A5-427A-9E87-2D1A63E6C444}.AppStore|iPhoneSimulator.ActiveCfg = Release|x86
		{B99F1C18-01A5-427A-9E87-2D1A63E6C444}.AppStore|iPhoneSimulator.Build.0 = Release|x86
		{B99F1C18-01A5-427A-9E87-2D1A63E6C444}.AppStore|iPhoneSimulator.Deploy.0 = Release|x86
		{B99F1C18-01A5-427A-9E87-2D1A63E6C444}.AppStore|x64.ActiveCfg = Release|x64
		{B99F1C18-01A5-427A-9E87-2D1A63E6C444}.AppStore|x64.Build.0 = Release|x64
		{B99F1C18-01A5-427A-9E87-2D1A63E6C444}.AppStore|x64.Deploy.0 = Release|x64
		{B99F1C18-01A5-427A-9E87-2D1A63E6C444}.AppStore|x86.ActiveCfg = Release|x86
		{B99F1C18-01A5-427A-9E87-2D1A63E6C444}.AppStore|x86.Build.0 = Release|x86
		{B99F1C18-01A5-427A-9E87-2D1A63E6C444}.AppStore|x86.Deploy.0 = Release|x86
		{B99F1C18-01A5-427A-9E87-2D1A63E6C444}.Debug|Any CPU.ActiveCfg = Debug|x86
		{B99F1C18-01A5-427A-9E87-2D1A63E6C444}.Debug|ARM.ActiveCfg = Debug|ARM
		{B99F1C18-01A5-427A-9E87-2D1A63E6C444}.Debug|ARM.Build.0 = Debug|ARM
		{B99F1C18-01A5-427A-9E87-2D1A63E6C444}.Debug|ARM.Deploy.0 = Debug|ARM
		{B99F1C18-01A5-427A-9E87-2D1A63E6C444}.Debug|iPhone.ActiveCfg = Debug|x86
		{B99F1C18-01A5-427A-9E87-2D1A63E6C444}.Debug|iPhoneSimulator.ActiveCfg = Debug|x86
		{B99F1C18-01A5-427A-9E87-2D1A63E6C444}.Debug|x64.ActiveCfg = Debug|x64
		{B99F1C18-01A5-427A-9E87-2D1A63E6C444}.Debug|x64.Build.0 = Debug|x64
		{B99F1C18-01A5-427A-9E87-2D1A63E6C444}.Debug|x64.Deploy.0 = Debug|x64
		{B99F1C18-01A5-427A-9E87-2D1A63E6C444}.Debug|x86.ActiveCfg = Debug|x86
		{B99F1C18-01A5-427A-9E87-2D1A63E6C444}.Debug|x86.Build.0 = Debug|x86
		{B99F1C18-01A5-427A-9E87-2D1A63E6C444}.Debug|x86.Deploy.0 = Debug|x86
		{B99F1C18-01A5-427A-9E87-2D1A63E6C444}.Release|Any CPU.ActiveCfg = Release|x86
		{B99F1C18-01A5-427A-9E87-2D1A63E6C444}.Release|ARM.ActiveCfg = Release|ARM
		{B99F1C18-01A5-427A-9E87-2D1A63E6C444}.Release|ARM.Build.0 = Release|ARM
		{B99F1C18-01A5-427A-9E87-2D1A63E6C444}.Release|ARM.Deploy.0 = Release|ARM
		{B99F1C18-01A5-427A-9E87-2D1A63E6C444}.Release|iPhone.ActiveCfg = Release|x86
		{B99F1C18-01A5-427A-9E87-2D1A63E6C444}.Release|iPhoneSimulator.ActiveCfg = Release|x86
		{B99F1C18-01A5-427A-9E87-2D1A63E6C444}.Release|x64.ActiveCfg = Release|x64
		{B99F1C18-01A5-427A-9E87-2D1A63E6C444}.Release|x64.Build.0 = Release|x64
		{B99F1C18-01A5-427A-9E87-2D1A63E6C444}.Release|x64.Deploy.0 = Release|x64
		{B99F1C18-01A5-427A-9E87-2D1A63E6C444}.Release|x86.ActiveCfg = Release|x86
		{B99F1C18-01A5-427A-9E87-2D1A63E6C444}.Release|x86.Build.0 = Release|x86
		{B99F1C18-01A5-427A-9E87-2D1A63E6C444}.Release|x86.Deploy.0 = Release|x86
		{B72A2C57-B20C-4321-A3DB-1BAD50A96642}.Ad-Hoc|Any CPU.ActiveCfg = Release|Any CPU
		{B72A2C57-B20C-4321-A3DB-1BAD50A96642}.Ad-Hoc|Any CPU.Build.0 = Release|Any CPU
		{B72A2C57-B20C-4321-A3DB-1BAD50A96642}.Ad-Hoc|Any CPU.Deploy.0 = Release|Any CPU
		{B72A2C57-B20C-4321-A3DB-1BAD50A96642}.Ad-Hoc|ARM.ActiveCfg = Release|ARM
		{B72A2C57-B20C-4321-A3DB-1BAD50A96642}.Ad-Hoc|ARM.Build.0 = Release|ARM
		{B72A2C57-B20C-4321-A3DB-1BAD50A96642}.Ad-Hoc|ARM.Deploy.0 = Release|ARM
		{B72A2C57-B20C-4321-A3DB-1BAD50A96642}.Ad-Hoc|iPhone.ActiveCfg = Release|Any CPU
		{B72A2C57-B20C-4321-A3DB-1BAD50A96642}.Ad-Hoc|iPhone.Build.0 = Release|Any CPU
		{B72A2C57-B20C-4321-A3DB-1BAD50A96642}.Ad-Hoc|iPhone.Deploy.0 = Release|Any CPU
		{B72A2C57-B20C-4321-A3DB-1BAD50A96642}.Ad-Hoc|iPhoneSimulator.ActiveCfg = Release|Any CPU
		{B72A2C57-B20C-4321-A3DB-1BAD50A96642}.Ad-Hoc|iPhoneSimulator.Build.0 = Release|Any CPU
		{B72A2C57-B20C-4321-A3DB-1BAD50A96642}.Ad-Hoc|iPhoneSimulator.Deploy.0 = Release|Any CPU
		{B72A2C57-B20C-4321-A3DB-1BAD50A96642}.Ad-Hoc|x64.ActiveCfg = Release|x64
		{B72A2C57-B20C-4321-A3DB-1BAD50A96642}.Ad-Hoc|x64.Build.0 = Release|x64
		{B72A2C57-B20C-4321-A3DB-1BAD50A96642}.Ad-Hoc|x64.Deploy.0 = Release|x64
		{B72A2C57-B20C-4321-A3DB-1BAD50A96642}.Ad-Hoc|x86.ActiveCfg = Release|x86
		{B72A2C57-B20C-4321-A3DB-1BAD50A96642}.Ad-Hoc|x86.Build.0 = Release|x86
		{B72A2C57-B20C-4321-A3DB-1BAD50A96642}.Ad-Hoc|x86.Deploy.0 = Release|x86
		{B72A2C57-B20C-4321-A3DB-1BAD50A96642}.AppStore|Any CPU.ActiveCfg = Release|Any CPU
		{B72A2C57-B20C-4321-A3DB-1BAD50A96642}.AppStore|Any CPU.Build.0 = Release|Any CPU
		{B72A2C57-B20C-4321-A3DB-1BAD50A96642}.AppStore|Any CPU.Deploy.0 = Release|Any CPU
		{B72A2C57-B20C-4321-A3DB-1BAD50A96642}.AppStore|ARM.ActiveCfg = Release|ARM
		{B72A2C57-B20C-4321-A3DB-1BAD50A96642}.AppStore|ARM.Build.0 = Release|ARM
		{B72A2C57-B20C-4321-A3DB-1BAD50A96642}.AppStore|ARM.Deploy.0 = Release|ARM
		{B72A2C57-B20C-4321-A3DB-1BAD50A96642}.AppStore|iPhone.ActiveCfg = Release|Any CPU
		{B72A2C57-B20C-4321-A3DB-1BAD50A96642}.AppStore|iPhone.Build.0 = Release|Any CPU
		{B72A2C57-B20C-4321-A3DB-1BAD50A96642}.AppStore|iPhone.Deploy.0 = Release|Any CPU
		{B72A2C57-B20C-4321-A3DB-1BAD50A96642}.AppStore|iPhoneSimulator.ActiveCfg = Release|Any CPU
		{B72A2C57-B20C-4321-A3DB-1BAD50A96642}.AppStore|iPhoneSimulator.Build.0 = Release|Any CPU
		{B72A2C57-B20C-4321-A3DB-1BAD50A96642}.AppStore|iPhoneSimulator.Deploy.0 = Release|Any CPU
		{B72A2C57-B20C-4321-A3DB-1BAD50A96642}.AppStore|x64.ActiveCfg = Release|x64
		{B72A2C57-B20C-4321-A3DB-1BAD50A96642}.AppStore|x64.Build.0 = Release|x64
		{B72A2C57-B20C-4321-A3DB-1BAD50A96642}.AppStore|x64.Deploy.0 = Release|x64
		{B72A2C57-B20C-4321-A3DB-1BAD50A96642}.AppStore|x86.ActiveCfg = Release|x86
		{B72A2C57-B20C-4321-A3DB-1BAD50A96642}.AppStore|x86.Build.0 = Release|x86
		{B72A2C57-B20C-4321-A3DB-1BAD50A96642}.AppStore|x86.Deploy.0 = Release|x86
		{B72A2C57-B20C-4321-A3DB-1BAD50A96642}.Debug|Any CPU.ActiveCfg = Debug|Any CPU
		{B72A2C57-B20C-4321-A3DB-1BAD50A96642}.Debug|Any CPU.Build.0 = Debug|Any CPU
		{B72A2C57-B20C-4321-A3DB-1BAD50A96642}.Debug|Any CPU.Deploy.0 = Debug|Any CPU
		{B72A2C57-B20C-4321-A3DB-1BAD50A96642}.Debug|ARM.ActiveCfg = Debug|ARM
		{B72A2C57-B20C-4321-A3DB-1BAD50A96642}.Debug|ARM.Build.0 = Debug|ARM
		{B72A2C57-B20C-4321-A3DB-1BAD50A96642}.Debug|ARM.Deploy.0 = Debug|ARM
		{B72A2C57-B20C-4321-A3DB-1BAD50A96642}.Debug|iPhone.ActiveCfg = Debug|Any CPU
		{B72A2C57-B20C-4321-A3DB-1BAD50A96642}.Debug|iPhone.Build.0 = Debug|Any CPU
		{B72A2C57-B20C-4321-A3DB-1BAD50A96642}.Debug|iPhone.Deploy.0 = Debug|Any CPU
		{B72A2C57-B20C-4321-A3DB-1BAD50A96642}.Debug|iPhoneSimulator.ActiveCfg = Debug|Any CPU
		{B72A2C57-B20C-4321-A3DB-1BAD50A96642}.Debug|iPhoneSimulator.Build.0 = Debug|Any CPU
		{B72A2C57-B20C-4321-A3DB-1BAD50A96642}.Debug|iPhoneSimulator.Deploy.0 = Debug|Any CPU
		{B72A2C57-B20C-4321-A3DB-1BAD50A96642}.Debug|x64.ActiveCfg = Debug|x64
		{B72A2C57-B20C-4321-A3DB-1BAD50A96642}.Debug|x64.Build.0 = Debug|x64
		{B72A2C57-B20C-4321-A3DB-1BAD50A96642}.Debug|x64.Deploy.0 = Debug|x64
		{B72A2C57-B20C-4321-A3DB-1BAD50A96642}.Debug|x86.ActiveCfg = Debug|x86
		{B72A2C57-B20C-4321-A3DB-1BAD50A96642}.Debug|x86.Build.0 = Debug|x86
		{B72A2C57-B20C-4321-A3DB-1BAD50A96642}.Debug|x86.Deploy.0 = Debug|x86
		{B72A2C57-B20C-4321-A3DB-1BAD50A96642}.Release|Any CPU.ActiveCfg = Release|Any CPU
		{B72A2C57-B20C-4321-A3DB-1BAD50A96642}.Release|Any CPU.Build.0 = Release|Any CPU
		{B72A2C57-B20C-4321-A3DB-1BAD50A96642}.Release|Any CPU.Deploy.0 = Release|Any CPU
		{B72A2C57-B20C-4321-A3DB-1BAD50A96642}.Release|ARM.ActiveCfg = Release|ARM
		{B72A2C57-B20C-4321-A3DB-1BAD50A96642}.Release|ARM.Build.0 = Release|ARM
		{B72A2C57-B20C-4321-A3DB-1BAD50A96642}.Release|ARM.Deploy.0 = Release|ARM
		{B72A2C57-B20C-4321-A3DB-1BAD50A96642}.Release|iPhone.ActiveCfg = Release|Any CPU
		{B72A2C57-B20C-4321-A3DB-1BAD50A96642}.Release|iPhone.Build.0 = Release|Any CPU
		{B72A2C57-B20C-4321-A3DB-1BAD50A96642}.Release|iPhone.Deploy.0 = Release|Any CPU
		{B72A2C57-B20C-4321-A3DB-1BAD50A96642}.Release|iPhoneSimulator.ActiveCfg = Release|Any CPU
		{B72A2C57-B20C-4321-A3DB-1BAD50A96642}.Release|iPhoneSimulator.Build.0 = Release|Any CPU
		{B72A2C57-B20C-4321-A3DB-1BAD50A96642}.Release|iPhoneSimulator.Deploy.0 = Release|Any CPU
		{B72A2C57-B20C-4321-A3DB-1BAD50A96642}.Release|x64.ActiveCfg = Release|x64
		{B72A2C57-B20C-4321-A3DB-1BAD50A96642}.Release|x64.Build.0 = Release|x64
		{B72A2C57-B20C-4321-A3DB-1BAD50A96642}.Release|x64.Deploy.0 = Release|x64
		{B72A2C57-B20C-4321-A3DB-1BAD50A96642}.Release|x86.ActiveCfg = Release|x86
		{B72A2C57-B20C-4321-A3DB-1BAD50A96642}.Release|x86.Build.0 = Release|x86
		{B72A2C57-B20C-4321-A3DB-1BAD50A96642}.Release|x86.Deploy.0 = Release|x86
		{BCE30DDA-AFAD-4A96-ACEE-46D5431D46B1}.Ad-Hoc|Any CPU.ActiveCfg = Release|Any CPU
		{BCE30DDA-AFAD-4A96-ACEE-46D5431D46B1}.Ad-Hoc|Any CPU.Build.0 = Release|Any CPU
		{BCE30DDA-AFAD-4A96-ACEE-46D5431D46B1}.Ad-Hoc|ARM.ActiveCfg = Release|Any CPU
		{BCE30DDA-AFAD-4A96-ACEE-46D5431D46B1}.Ad-Hoc|ARM.Build.0 = Release|Any CPU
		{BCE30DDA-AFAD-4A96-ACEE-46D5431D46B1}.Ad-Hoc|iPhone.ActiveCfg = Release|Any CPU
		{BCE30DDA-AFAD-4A96-ACEE-46D5431D46B1}.Ad-Hoc|iPhone.Build.0 = Release|Any CPU
		{BCE30DDA-AFAD-4A96-ACEE-46D5431D46B1}.Ad-Hoc|iPhoneSimulator.ActiveCfg = Release|Any CPU
		{BCE30DDA-AFAD-4A96-ACEE-46D5431D46B1}.Ad-Hoc|iPhoneSimulator.Build.0 = Release|Any CPU
		{BCE30DDA-AFAD-4A96-ACEE-46D5431D46B1}.Ad-Hoc|x64.ActiveCfg = Release|Any CPU
		{BCE30DDA-AFAD-4A96-ACEE-46D5431D46B1}.Ad-Hoc|x64.Build.0 = Release|Any CPU
		{BCE30DDA-AFAD-4A96-ACEE-46D5431D46B1}.Ad-Hoc|x86.ActiveCfg = Release|Any CPU
		{BCE30DDA-AFAD-4A96-ACEE-46D5431D46B1}.Ad-Hoc|x86.Build.0 = Release|Any CPU
		{BCE30DDA-AFAD-4A96-ACEE-46D5431D46B1}.AppStore|Any CPU.ActiveCfg = Release|Any CPU
		{BCE30DDA-AFAD-4A96-ACEE-46D5431D46B1}.AppStore|Any CPU.Build.0 = Release|Any CPU
		{BCE30DDA-AFAD-4A96-ACEE-46D5431D46B1}.AppStore|ARM.ActiveCfg = Release|Any CPU
		{BCE30DDA-AFAD-4A96-ACEE-46D5431D46B1}.AppStore|ARM.Build.0 = Release|Any CPU
		{BCE30DDA-AFAD-4A96-ACEE-46D5431D46B1}.AppStore|iPhone.ActiveCfg = Release|Any CPU
		{BCE30DDA-AFAD-4A96-ACEE-46D5431D46B1}.AppStore|iPhone.Build.0 = Release|Any CPU
		{BCE30DDA-AFAD-4A96-ACEE-46D5431D46B1}.AppStore|iPhoneSimulator.ActiveCfg = Release|Any CPU
		{BCE30DDA-AFAD-4A96-ACEE-46D5431D46B1}.AppStore|iPhoneSimulator.Build.0 = Release|Any CPU
		{BCE30DDA-AFAD-4A96-ACEE-46D5431D46B1}.AppStore|x64.ActiveCfg = Release|Any CPU
		{BCE30DDA-AFAD-4A96-ACEE-46D5431D46B1}.AppStore|x64.Build.0 = Release|Any CPU
		{BCE30DDA-AFAD-4A96-ACEE-46D5431D46B1}.AppStore|x86.ActiveCfg = Release|Any CPU
		{BCE30DDA-AFAD-4A96-ACEE-46D5431D46B1}.AppStore|x86.Build.0 = Release|Any CPU
		{BCE30DDA-AFAD-4A96-ACEE-46D5431D46B1}.Debug|Any CPU.ActiveCfg = Debug|Any CPU
		{BCE30DDA-AFAD-4A96-ACEE-46D5431D46B1}.Debug|Any CPU.Build.0 = Debug|Any CPU
		{BCE30DDA-AFAD-4A96-ACEE-46D5431D46B1}.Debug|ARM.ActiveCfg = Debug|Any CPU
		{BCE30DDA-AFAD-4A96-ACEE-46D5431D46B1}.Debug|ARM.Build.0 = Debug|Any CPU
		{BCE30DDA-AFAD-4A96-ACEE-46D5431D46B1}.Debug|iPhone.ActiveCfg = Debug|Any CPU
		{BCE30DDA-AFAD-4A96-ACEE-46D5431D46B1}.Debug|iPhone.Build.0 = Debug|Any CPU
		{BCE30DDA-AFAD-4A96-ACEE-46D5431D46B1}.Debug|iPhoneSimulator.ActiveCfg = Debug|Any CPU
		{BCE30DDA-AFAD-4A96-ACEE-46D5431D46B1}.Debug|iPhoneSimulator.Build.0 = Debug|Any CPU
		{BCE30DDA-AFAD-4A96-ACEE-46D5431D46B1}.Debug|x64.ActiveCfg = Debug|Any CPU
		{BCE30DDA-AFAD-4A96-ACEE-46D5431D46B1}.Debug|x64.Build.0 = Debug|Any CPU
		{BCE30DDA-AFAD-4A96-ACEE-46D5431D46B1}.Debug|x86.ActiveCfg = Debug|Any CPU
		{BCE30DDA-AFAD-4A96-ACEE-46D5431D46B1}.Debug|x86.Build.0 = Debug|Any CPU
		{BCE30DDA-AFAD-4A96-ACEE-46D5431D46B1}.Release|Any CPU.ActiveCfg = Release|Any CPU
		{BCE30DDA-AFAD-4A96-ACEE-46D5431D46B1}.Release|Any CPU.Build.0 = Release|Any CPU
		{BCE30DDA-AFAD-4A96-ACEE-46D5431D46B1}.Release|ARM.ActiveCfg = Release|Any CPU
		{BCE30DDA-AFAD-4A96-ACEE-46D5431D46B1}.Release|ARM.Build.0 = Release|Any CPU
		{BCE30DDA-AFAD-4A96-ACEE-46D5431D46B1}.Release|iPhone.ActiveCfg = Release|Any CPU
		{BCE30DDA-AFAD-4A96-ACEE-46D5431D46B1}.Release|iPhone.Build.0 = Release|Any CPU
		{BCE30DDA-AFAD-4A96-ACEE-46D5431D46B1}.Release|iPhoneSimulator.ActiveCfg = Release|Any CPU
		{BCE30DDA-AFAD-4A96-ACEE-46D5431D46B1}.Release|iPhoneSimulator.Build.0 = Release|Any CPU
		{BCE30DDA-AFAD-4A96-ACEE-46D5431D46B1}.Release|x64.ActiveCfg = Release|Any CPU
		{BCE30DDA-AFAD-4A96-ACEE-46D5431D46B1}.Release|x64.Build.0 = Release|Any CPU
		{BCE30DDA-AFAD-4A96-ACEE-46D5431D46B1}.Release|x86.ActiveCfg = Release|Any CPU
		{BCE30DDA-AFAD-4A96-ACEE-46D5431D46B1}.Release|x86.Build.0 = Release|Any CPU
	EndGlobalSection
	GlobalSection(SolutionProperties) = preSolution
		HideSolutionNode = FALSE
	EndGlobalSection
EndGlobal
